Microsoft Visual Studio Solution File, Format Version 11.00
# Visual Studio 2008

Project("{8D4117F0-1C67-32D6-474A-0D227F10DBB5}") = "iosCh", "Assembly-CSharp-firstpass.csproj", "{CA2A67F4-2B9B-CD12-2A1F-239C1B63D8BC}"
EndProject
Project("{8D4117F0-1C67-32D6-474A-0D227F10DBB5}") = "iosCh", "Assembly-CSharp.csproj", "{3BDA6E28-520D-805E-106A-8BF0B7BD74E3}"
EndProject
Project("{8D4117F0-1C67-32D6-474A-0D227F10DBB5}") = "iosCh", "Assembly-CSharp-Editor.csproj", "{A529B5E7-45C8-CB50-34E1-AA1E61EEFB62}"
EndProject
Global
	GlobalSection(SolutionConfigurationPlatforms) = preSolution
		Debug|Any CPU = Debug|Any CPU
		Release|Any CPU = Release|Any CPU
	EndGlobalSection
	GlobalSection(ProjectConfigurationPlatforms) = postSolution
		{CA2A67F4-2B9B-CD12-2A1F-239C1B63D8BC}.Debug|Any CPU.ActiveCfg = Debug|Any CPU
		{CA2A67F4-2B9B-CD12-2A1F-239C1B63D8BC}.Debug|Any CPU.Build.0 = Debug|Any CPU
		{CA2A67F4-2B9B-CD12-2A1F-239C1B63D8BC}.Release|Any CPU.ActiveCfg = Release|Any CPU
		{CA2A67F4-2B9B-CD12-2A1F-239C1B63D8BC}.Release|Any CPU.Build.0 = Release|Any CPU
		{3BDA6E28-520D-805E-106A-8BF0B7BD74E3}.Debug|Any CPU.ActiveCfg = Debug|Any CPU
		{3BDA6E28-520D-805E-106A-8BF0B7BD74E3}.Debug|Any CPU.Build.0 = Debug|Any CPU
		{3BDA6E28-520D-805E-106A-8BF0B7BD74E3}.Release|Any CPU.ActiveCfg = Release|Any CPU
		{3BDA6E28-520D-805E-106A-8BF0B7BD74E3}.Release|Any CPU.Build.0 = Release|Any CPU
		{A529B5E7-45C8-CB50-34E1-AA1E61EEFB62}.Debug|Any CPU.ActiveCfg = Debug|Any CPU
		{A529B5E7-45C8-CB50-34E1-AA1E61EEFB62}.Debug|Any CPU.Build.0 = Debug|Any CPU
		{A529B5E7-45C8-CB50-34E1-AA1E61EEFB62}.Release|Any CPU.ActiveCfg = Release|Any CPU
		{A529B5E7-45C8-CB50-34E1-AA1E61EEFB62}.Release|Any CPU.Build.0 = Release|Any CPU
	EndGlobalSection
	GlobalSection(SolutionProperties) = preSolution
		HideSolutionNode = FALSE
	EndGlobalSection
																																																					GlobalSection(MonoDevelopProperties) = preSolution
		StartupItem = Assembly-CSharp.csproj
		Policies = $0
		$0.TextStylePolicy = $1
		$1.inheritsSet = null
		$1.scope = text/x-csharp
		$0.CSharpFormattingPolicy = $2
		$2.inheritsSet = Mono
		$2.inheritsScope = text/x-csharp
		$2.scope = text/x-csharp
		$0.TextStylePolicy = $3
		$3.FileWidth = 120
		$3.TabWidth = 4
		$3.IndentWidth = 4
		$3.EolMarker = Unix
		$3.inheritsSet = Mono
		$3.inheritsScope = text/plain
		$3.scope = text/plain
	EndGlobalSection

EndGlobal
